
Microsoft Visual Studio Solution File, Format Version 12.00
# Visual Studio 2012
Project("{888888A0-9F3D-457C-B088-3A5042F75D52}") = "OFLD", "OFLD.pyproj", "{F56EB046-9AF8-4CF1-8F95-6A5AAD0D2C6C}"
EndProject
Global
	GlobalSection(SolutionConfigurationPlatforms) = preSolution
		Debug|Any CPU = Debug|Any CPU
		Release|Any CPU = Release|Any CPU
	EndGlobalSection
	GlobalSection(ProjectConfigurationPlatforms) = postSolution
		{F56EB046-9AF8-4CF1-8F95-6A5AAD0D2C6C}.Debug|Any CPU.ActiveCfg = Debug|Any CPU
		{F56EB046-9AF8-4CF1-8F95-6A5AAD0D2C6C}.Release|Any CPU.ActiveCfg = Release|Any CPU
	EndGlobalSection
	GlobalSection(SolutionProperties) = preSolution
		HideSolutionNode = FALSE
	EndGlobalSection
EndGlobal
